
Microsoft Visual Studio Solution File, Format Version 12.00
# Visual Studio Version 17
VisualStudioVersion = 17.5.33502.453
MinimumVisualStudioVersion = 10.0.40219.1
Project("{2150E333-8FDC-42A3-9474-1A3956D46DE8}") = "0 - WEBAPI", "0 - WEBAPI", "{227D0C9B-92C5-4C24-AFD6-EA1A03F5A62A}"
EndProject
Project("{2150E333-8FDC-42A3-9474-1A3956D46DE8}") = "1 - APP", "1 - APP", "{C5E14BEF-9682-4B8C-BFCA-FA1A8663B359}"
EndProject
Project("{2150E333-8FDC-42A3-9474-1A3956D46DE8}") = "2 - DOMAIN", "2 - DOMAIN", "{C8B819A9-6EE7-4F74-B4CC-15BD088972D8}"
EndProject
Project("{2150E333-8FDC-42A3-9474-1A3956D46DE8}") = "3 - DATA", "3 - DATA", "{8E0CEB66-7A4C-4E8B-A711-DC8B48A8D67E}"
EndProject
Project("{9A19103F-16F7-4668-BE54-9A1E7A4F7556}") = "WebAPI", "WebAPI\WebAPI.csproj", "{A7159184-C449-4F40-B382-70F415F14190}"
EndProject
Project("{9A19103F-16F7-4668-BE54-9A1E7A4F7556}") = "Lib.Application", "Lib.Application\Lib.Application.csproj", "{BDF3D927-3035-4936-88C0-22913B6E8369}"
EndProject
Project("{9A19103F-16F7-4668-BE54-9A1E7A4F7556}") = "Lib.Domain", "Lib.Domain\Lib.Domain.csproj", "{65265ECE-B247-4C17-8B5C-2AAFFB5AEAA1}"
EndProject
Project("{9A19103F-16F7-4668-BE54-9A1E7A4F7556}") = "Lib.Data", "Lib.Data\Lib.Data.csproj", "{4A31FFC3-72C3-4BDD-B605-CF90EF5A2A20}"
EndProject
Global
	GlobalSection(SolutionConfigurationPlatforms) = preSolution
		Debug|Any CPU = Debug|Any CPU
		Release|Any CPU = Release|Any CPU
	EndGlobalSection
	GlobalSection(ProjectConfigurationPlatforms) = postSolution
		{A7159184-C449-4F40-B382-70F415F14190}.Debug|Any CPU.ActiveCfg = Debug|Any CPU
		{A7159184-C449-4F40-B382-70F415F14190}.Debug|Any CPU.Build.0 = Debug|Any CPU
		{A7159184-C449-4F40-B382-70F415F14190}.Release|Any CPU.ActiveCfg = Release|Any CPU
		{A7159184-C449-4F40-B382-70F415F14190}.Release|Any CPU.Build.0 = Release|Any CPU
		{BDF3D927-3035-4936-88C0-22913B6E8369}.Debug|Any CPU.ActiveCfg = Debug|Any CPU
		{BDF3D927-3035-4936-88C0-22913B6E8369}.Debug|Any CPU.Build.0 = Debug|Any CPU
		{BDF3D927-3035-4936-88C0-22913B6E8369}.Release|Any CPU.ActiveCfg = Release|Any CPU
		{BDF3D927-3035-4936-88C0-22913B6E8369}.Release|Any CPU.Build.0 = Release|Any CPU
		{65265ECE-B247-4C17-8B5C-2AAFFB5AEAA1}.Debug|Any CPU.ActiveCfg = Debug|Any CPU
		{65265ECE-B247-4C17-8B5C-2AAFFB5AEAA1}.Debug|Any CPU.Build.0 = Debug|Any CPU
		{65265ECE-B247-4C17-8B5C-2AAFFB5AEAA1}.Release|Any CPU.ActiveCfg = Release|Any CPU
		{65265ECE-B247-4C17-8B5C-2AAFFB5AEAA1}.Release|Any CPU.Build.0 = Release|Any CPU
		{4A31FFC3-72C3-4BDD-B605-CF90EF5A2A20}.Debug|Any CPU.ActiveCfg = Debug|Any CPU
		{4A31FFC3-72C3-4BDD-B605-CF90EF5A2A20}.Debug|Any CPU.Build.0 = Debug|Any CPU
		{4A31FFC3-72C3-4BDD-B605-CF90EF5A2A20}.Release|Any CPU.ActiveCfg = Release|Any CPU
		{4A31FFC3-72C3-4BDD-B605-CF90EF5A2A20}.Release|Any CPU.Build.0 = Release|Any CPU
	EndGlobalSection
	GlobalSection(SolutionProperties) = preSolution
		HideSolutionNode = FALSE
	EndGlobalSection
	GlobalSection(NestedProjects) = preSolution
		{A7159184-C449-4F40-B382-70F415F14190} = {227D0C9B-92C5-4C24-AFD6-EA1A03F5A62A}
		{BDF3D927-3035-4936-88C0-22913B6E8369} = {C5E14BEF-9682-4B8C-BFCA-FA1A8663B359}
		{65265ECE-B247-4C17-8B5C-2AAFFB5AEAA1} = {C8B819A9-6EE7-4F74-B4CC-15BD088972D8}
		{4A31FFC3-72C3-4BDD-B605-CF90EF5A2A20} = {8E0CEB66-7A4C-4E8B-A711-DC8B48A8D67E}
	EndGlobalSection
	GlobalSection(ExtensibilityGlobals) = postSolution
		SolutionGuid = {EAF018A9-382B-48AE-A35F-0A49161B8ED4}
	EndGlobalSection
EndGlobal
